
Microsoft Visual Studio Solution File, Format Version 12.00
# Visual Studio Version 17
VisualStudioVersion = 17.9.34714.143
MinimumVisualStudioVersion = 10.0.40219.1
Project("{FAE04EC0-301F-11D3-BF4B-00C04F79EFBC}") = "DavidTristanPOE", "DavidTristanPOE\DavidTristanPOE.csproj", "{277195C9-B6C8-4AEF-8717-1E9C5DAFAC00}"
EndProject
Global
	GlobalSection(SolutionConfigurationPlatforms) = preSolution
		Debug|Any CPU = Debug|Any CPU
		Release|Any CPU = Release|Any CPU
	EndGlobalSection
	GlobalSection(ProjectConfigurationPlatforms) = postSolution
		{277195C9-B6C8-4AEF-8717-1E9C5DAFAC00}.Debug|Any CPU.ActiveCfg = Debug|Any CPU
		{277195C9-B6C8-4AEF-8717-1E9C5DAFAC00}.Debug|Any CPU.Build.0 = Debug|Any CPU
		{277195C9-B6C8-4AEF-8717-1E9C5DAFAC00}.Release|Any CPU.ActiveCfg = Release|Any CPU
		{277195C9-B6C8-4AEF-8717-1E9C5DAFAC00}.Release|Any CPU.Build.0 = Release|Any CPU
	EndGlobalSection
	GlobalSection(SolutionProperties) = preSolution
		HideSolutionNode = FALSE
	EndGlobalSection
	GlobalSection(ExtensibilityGlobals) = postSolution
		SolutionGuid = {B4E6BC1B-6B23-4C52-B1D7-E3A7836733D7}
	EndGlobalSection
EndGlobal
